
Microsoft Visual Studio Solution File, Format Version 12.00
# Visual Studio Version 17
VisualStudioVersion = 17.14.36109.1
MinimumVisualStudioVersion = 10.0.40219.1
Project("{FAE04EC0-301F-11D3-BF4B-00C04F79EFBC}") = "Converter", "Converter\Converter.csproj", "{31AF3C4B-9308-43B3-ABB6-7DAFBA98901B}"
EndProject
Project("{FAE04EC0-301F-11D3-BF4B-00C04F79EFBC}") = "alps.net.api", "..\alps.net.api-main\alps.net.api-main\alps .net api\alps.net.api\alps.net.api.csproj", "{F53BC9E7-C705-DFAD-E7A2-B6BA713859E9}"
EndProject
Project("{FAE04EC0-301F-11D3-BF4B-00C04F79EFBC}") = "dotNetRDF", "..\..\..\Downloads\dotnetrdf-2.7.5\dotnetrdf-2.7.5\Libraries\dotNetRDF\dotNetRDF.csproj", "{3754156F-79B5-A057-3974-8A0052DA2CD2}"
EndProject
Global
	GlobalSection(SolutionConfigurationPlatforms) = preSolution
		Debug|Any CPU = Debug|Any CPU
		Release|Any CPU = Release|Any CPU
	EndGlobalSection
	GlobalSection(ProjectConfigurationPlatforms) = postSolution
		{31AF3C4B-9308-43B3-ABB6-7DAFBA98901B}.Debug|Any CPU.ActiveCfg = Debug|Any CPU
		{31AF3C4B-9308-43B3-ABB6-7DAFBA98901B}.Debug|Any CPU.Build.0 = Debug|Any CPU
		{31AF3C4B-9308-43B3-ABB6-7DAFBA98901B}.Release|Any CPU.ActiveCfg = Release|Any CPU
		{31AF3C4B-9308-43B3-ABB6-7DAFBA98901B}.Release|Any CPU.Build.0 = Release|Any CPU
		{F53BC9E7-C705-DFAD-E7A2-B6BA713859E9}.Debug|Any CPU.ActiveCfg = Debug|Any CPU
		{F53BC9E7-C705-DFAD-E7A2-B6BA713859E9}.Debug|Any CPU.Build.0 = Debug|Any CPU
		{F53BC9E7-C705-DFAD-E7A2-B6BA713859E9}.Release|Any CPU.ActiveCfg = Release|Any CPU
		{F53BC9E7-C705-DFAD-E7A2-B6BA713859E9}.Release|Any CPU.Build.0 = Release|Any CPU
		{3754156F-79B5-A057-3974-8A0052DA2CD2}.Debug|Any CPU.ActiveCfg = Debug|Any CPU
		{3754156F-79B5-A057-3974-8A0052DA2CD2}.Debug|Any CPU.Build.0 = Debug|Any CPU
		{3754156F-79B5-A057-3974-8A0052DA2CD2}.Release|Any CPU.ActiveCfg = Release|Any CPU
		{3754156F-79B5-A057-3974-8A0052DA2CD2}.Release|Any CPU.Build.0 = Release|Any CPU
	EndGlobalSection
	GlobalSection(SolutionProperties) = preSolution
		HideSolutionNode = FALSE
	EndGlobalSection
	GlobalSection(ExtensibilityGlobals) = postSolution
		SolutionGuid = {065553F2-D441-4E85-9646-68FADFC4947A}
	EndGlobalSection
EndGlobal
